
Microsoft Visual Studio Solution File, Format Version 12.00
# Visual Studio 15
VisualStudioVersion = 15.0.27130.2036
MinimumVisualStudioVersion = 10.0.40219.1
Project("{FAE04EC0-301F-11D3-BF4B-00C04F79EFBC}") = "AppiumBoilerplate.Android", "AppiumBoilerplate\AppiumBoilerplate.Android\AppiumBoilerplate.Android.csproj", "{2523AC6C-76A1-4CEB-B6C1-5B2603823D33}"
EndProject
Project("{FAE04EC0-301F-11D3-BF4B-00C04F79EFBC}") = "AppiumBoilerplate.iOS", "AppiumBoilerplate\AppiumBoilerplate.iOS\AppiumBoilerplate.iOS.csproj", "{DEA0DC70-50B8-4FBC-A9F7-019C1F2D73FE}"
EndProject
Project("{FAE04EC0-301F-11D3-BF4B-00C04F79EFBC}") = "AppiumBoilerplate.UWP", "AppiumBoilerplate\AppiumBoilerplate.UWP\AppiumBoilerplate.UWP.csproj", "{5B23A755-2078-417C-8587-56E02ABC9EDE}"
EndProject
Project("{FAE04EC0-301F-11D3-BF4B-00C04F79EFBC}") = "AppiumBoilerplate", "AppiumBoilerplate\AppiumBoilerplate\AppiumBoilerplate.csproj", "{87FD989A-031E-45B7-81F0-1912600EE9BE}"
EndProject
Global
	GlobalSection(SolutionConfigurationPlatforms) = preSolution
		Ad-Hoc|Any CPU = Ad-Hoc|Any CPU
		Ad-Hoc|ARM = Ad-Hoc|ARM
		Ad-Hoc|iPhone = Ad-Hoc|iPhone
		Ad-Hoc|iPhoneSimulator = Ad-Hoc|iPhoneSimulator
		Ad-Hoc|x64 = Ad-Hoc|x64
		Ad-Hoc|x86 = Ad-Hoc|x86
		AppStore|Any CPU = AppStore|Any CPU
		AppStore|ARM = AppStore|ARM
		AppStore|iPhone = AppStore|iPhone
		AppStore|iPhoneSimulator = AppStore|iPhoneSimulator
		AppStore|x64 = AppStore|x64
		AppStore|x86 = AppStore|x86
		Debug|Any CPU = Debug|Any CPU
		Debug|ARM = Debug|ARM
		Debug|iPhone = Debug|iPhone
		Debug|iPhoneSimulator = Debug|iPhoneSimulator
		Debug|x64 = Debug|x64
		Debug|x86 = Debug|x86
		Release|Any CPU = Release|Any CPU
		Release|ARM = Release|ARM
		Release|iPhone = Release|iPhone
		Release|iPhoneSimulator = Release|iPhoneSimulator
		Release|x64 = Release|x64
		Release|x86 = Release|x86
	EndGlobalSection
	GlobalSection(ProjectConfigurationPlatforms) = postSolution
		{2523AC6C-76A1-4CEB-B6C1-5B2603823D33}.Ad-Hoc|Any CPU.ActiveCfg = Release|Any CPU
		{2523AC6C-76A1-4CEB-B6C1-5B2603823D33}.Ad-Hoc|Any CPU.Build.0 = Release|Any CPU
		{2523AC6C-76A1-4CEB-B6C1-5B2603823D33}.Ad-Hoc|Any CPU.Deploy.0 = Release|Any CPU
		{2523AC6C-76A1-4CEB-B6C1-5B2603823D33}.Ad-Hoc|ARM.ActiveCfg = Release|Any CPU
		{2523AC6C-76A1-4CEB-B6C1-5B2603823D33}.Ad-Hoc|ARM.Build.0 = Release|Any CPU
		{2523AC6C-76A1-4CEB-B6C1-5B2603823D33}.Ad-Hoc|ARM.Deploy.0 = Release|Any CPU
		{2523AC6C-76A1-4CEB-B6C1-5B2603823D33}.Ad-Hoc|iPhone.ActiveCfg = Release|Any CPU
		{2523AC6C-76A1-4CEB-B6C1-5B2603823D33}.Ad-Hoc|iPhone.Build.0 = Release|Any CPU
		{2523AC6C-76A1-4CEB-B6C1-5B2603823D33}.Ad-Hoc|iPhone.Deploy.0 = Release|Any CPU
		{2523AC6C-76A1-4CEB-B6C1-5B2603823D33}.Ad-Hoc|iPhoneSimulator.ActiveCfg = Release|Any CPU
		{2523AC6C-76A1-4CEB-B6C1-5B2603823D33}.Ad-Hoc|iPhoneSimulator.Build.0 = Release|Any CPU
		{2523AC6C-76A1-4CEB-B6C1-5B2603823D33}.Ad-Hoc|iPhoneSimulator.Deploy.0 = Release|Any CPU
		{2523AC6C-76A1-4CEB-B6C1-5B2603823D33}.Ad-Hoc|x64.ActiveCfg = Release|Any CPU
		{2523AC6C-76A1-4CEB-B6C1-5B2603823D33}.Ad-Hoc|x64.Build.0 = Release|Any CPU
		{2523AC6C-76A1-4CEB-B6C1-5B2603823D33}.Ad-Hoc|x64.Deploy.0 = Release|Any CPU
		{2523AC6C-76A1-4CEB-B6C1-5B2603823D33}.Ad-Hoc|x86.ActiveCfg = Release|Any CPU
		{2523AC6C-76A1-4CEB-B6C1-5B2603823D33}.Ad-Hoc|x86.Build.0 = Release|Any CPU
		{2523AC6C-76A1-4CEB-B6C1-5B2603823D33}.Ad-Hoc|x86.Deploy.0 = Release|Any CPU
		{2523AC6C-76A1-4CEB-B6C1-5B2603823D33}.AppStore|Any CPU.ActiveCfg = Release|Any CPU
		{2523AC6C-76A1-4CEB-B6C1-5B2603823D33}.AppStore|Any CPU.Build.0 = Release|Any CPU
		{2523AC6C-76A1-4CEB-B6C1-5B2603823D33}.AppStore|Any CPU.Deploy.0 = Release|Any CPU
		{2523AC6C-76A1-4CEB-B6C1-5B2603823D33}.AppStore|ARM.ActiveCfg = Release|Any CPU
		{2523AC6C-76A1-4CEB-B6C1-5B2603823D33}.AppStore|ARM.Build.0 = Release|Any CPU
		{2523AC6C-76A1-4CEB-B6C1-5B2603823D33}.AppStore|ARM.Deploy.0 = Release|Any CPU
		{2523AC6C-76A1-4CEB-B6C1-5B2603823D33}.AppStore|iPhone.ActiveCfg = Release|Any CPU
		{2523AC6C-76A1-4CEB-B6C1-5B2603823D33}.AppStore|iPhone.Build.0 = Release|Any CPU
		{2523AC6C-76A1-4CEB-B6C1-5B2603823D33}.AppStore|iPhone.Deploy.0 = Release|Any CPU
		{2523AC6C-76A1-4CEB-B6C1-5B2603823D33}.AppStore|iPhoneSimulator.ActiveCfg = Release|Any CPU
		{2523AC6C-76A1-4CEB-B6C1-5B2603823D33}.AppStore|iPhoneSimulator.Build.0 = Release|Any CPU
		{2523AC6C-76A1-4CEB-B6C1-5B2603823D33}.AppStore|iPhoneSimulator.Deploy.0 = Release|Any CPU
		{2523AC6C-76A1-4CEB-B6C1-5B2603823D33}.AppStore|x64.ActiveCfg = Release|Any CPU
		{2523AC6C-76A1-4CEB-B6C1-5B2603823D33}.AppStore|x64.Build.0 = Release|Any CPU
		{2523AC6C-76A1-4CEB-B6C1-5B2603823D33}.AppStore|x64.Deploy.0 = Release|Any CPU
		{2523AC6C-76A1-4CEB-B6C1-5B2603823D33}.AppStore|x86.ActiveCfg = Release|Any CPU
		{2523AC6C-76A1-4CEB-B6C1-5B2603823D33}.AppStore|x86.Build.0 = Release|Any CPU
		{2523AC6C-76A1-4CEB-B6C1-5B2603823D33}.AppStore|x86.Deploy.0 = Release|Any CPU
		{2523AC6C-76A1-4CEB-B6C1-5B2603823D33}.Debug|Any CPU.ActiveCfg = Debug|Any CPU
		{2523AC6C-76A1-4CEB-B6C1-5B2603823D33}.Debug|Any CPU.Build.0 = Debug|Any CPU
		{2523AC6C-76A1-4CEB-B6C1-5B2603823D33}.Debug|Any CPU.Deploy.0 = Debug|Any CPU
		{2523AC6C-76A1-4CEB-B6C1-5B2603823D33}.Debug|ARM.ActiveCfg = Debug|Any CPU
		{2523AC6C-76A1-4CEB-B6C1-5B2603823D33}.Debug|ARM.Build.0 = Debug|Any CPU
		{2523AC6C-76A1-4CEB-B6C1-5B2603823D33}.Debug|ARM.Deploy.0 = Debug|Any CPU
		{2523AC6C-76A1-4CEB-B6C1-5B2603823D33}.Debug|iPhone.ActiveCfg = Debug|Any CPU
		{2523AC6C-76A1-4CEB-B6C1-5B2603823D33}.Debug|iPhone.Build.0 = Debug|Any CPU
		{2523AC6C-76A1-4CEB-B6C1-5B2603823D33}.Debug|iPhone.Deploy.0 = Debug|Any CPU
		{2523AC6C-76A1-4CEB-B6C1-5B2603823D33}.Debug|iPhoneSimulator.ActiveCfg = Debug|Any CPU
		{2523AC6C-76A1-4CEB-B6C1-5B2603823D33}.Debug|iPhoneSimulator.Build.0 = Debug|Any CPU
		{2523AC6C-76A1-4CEB-B6C1-5B2603823D33}.Debug|iPhoneSimulator.Deploy.0 = Debug|Any CPU
		{2523AC6C-76A1-4CEB-B6C1-5B2603823D33}.Debug|x64.ActiveCfg = Debug|Any CPU
		{2523AC6C-76A1-4CEB-B6C1-5B2603823D33}.Debug|x64.Build.0 = Debug|Any CPU
		{2523AC6C-76A1-4CEB-B6C1-5B2603823D33}.Debug|x64.Deploy.0 = Debug|Any CPU
		{2523AC6C-76A1-4CEB-B6C1-5B2603823D33}.Debug|x86.ActiveCfg = Debug|Any CPU
		{2523AC6C-76A1-4CEB-B6C1-5B2603823D33}.Debug|x86.Build.0 = Debug|Any CPU
		{2523AC6C-76A1-4CEB-B6C1-5B2603823D33}.Debug|x86.Deploy.0 = Debug|Any CPU
		{2523AC6C-76A1-4CEB-B6C1-5B2603823D33}.Release|Any CPU.ActiveCfg = Release|Any CPU
		{2523AC6C-76A1-4CEB-B6C1-5B2603823D33}.Release|Any CPU.Build.0 = Release|Any CPU
		{2523AC6C-76A1-4CEB-B6C1-5B2603823D33}.Release|Any CPU.Deploy.0 = Release|Any CPU
		{2523AC6C-76A1-4CEB-B6C1-5B2603823D33}.Release|ARM.ActiveCfg = Release|Any CPU
		{2523AC6C-76A1-4CEB-B6C1-5B2603823D33}.Release|ARM.Build.0 = Release|Any CPU
		{2523AC6C-76A1-4CEB-B6C1-5B2603823D33}.Release|ARM.Deploy.0 = Release|Any CPU
		{2523AC6C-76A1-4CEB-B6C1-5B2603823D33}.Release|iPhone.ActiveCfg = Release|Any CPU
		{2523AC6C-76A1-4CEB-B6C1-5B2603823D33}.Release|iPhone.Build.0 = Release|Any CPU
		{2523AC6C-76A1-4CEB-B6C1-5B2603823D33}.Release|iPhone.Deploy.0 = Release|Any CPU
		{2523AC6C-76A1-4CEB-B6C1-5B2603823D33}.Release|iPhoneSimulator.ActiveCfg = Release|Any CPU
		{2523AC6C-76A1-4CEB-B6C1-5B2603823D33}.Release|iPhoneSimulator.Build.0 = Release|Any CPU
		{2523AC6C-76A1-4CEB-B6C1-5B2603823D33}.Release|iPhoneSimulator.Deploy.0 = Release|Any CPU
		{2523AC6C-76A1-4CEB-B6C1-5B2603823D33}.Release|x64.ActiveCfg = Release|Any CPU
		{2523AC6C-76A1-4CEB-B6C1-5B2603823D33}.Release|x64.Build.0 = Release|Any CPU
		{2523AC6C-76A1-4CEB-B6C1-5B2603823D33}.Release|x64.Deploy.0 = Release|Any CPU
		{2523AC6C-76A1-4CEB-B6C1-5B2603823D33}.Release|x86.ActiveCfg = Release|Any CPU
		{2523AC6C-76A1-4CEB-B6C1-5B2603823D33}.Release|x86.Build.0 = Release|Any CPU
		{2523AC6C-76A1-4CEB-B6C1-5B2603823D33}.Release|x86.Deploy.0 = Release|Any CPU
		{DEA0DC70-50B8-4FBC-A9F7-019C1F2D73FE}.Ad-Hoc|Any CPU.ActiveCfg = Ad-Hoc|iPhone
		{DEA0DC70-50B8-4FBC-A9F7-019C1F2D73FE}.Ad-Hoc|ARM.ActiveCfg = Ad-Hoc|iPhone
		{DEA0DC70-50B8-4FBC-A9F7-019C1F2D73FE}.Ad-Hoc|iPhone.ActiveCfg = Ad-Hoc|iPhone
		{DEA0DC70-50B8-4FBC-A9F7-019C1F2D73FE}.Ad-Hoc|iPhone.Build.0 = Ad-Hoc|iPhone
		{DEA0DC70-50B8-4FBC-A9F7-019C1F2D73FE}.Ad-Hoc|iPhoneSimulator.ActiveCfg = Ad-Hoc|iPhoneSimulator
		{DEA0DC70-50B8-4FBC-A9F7-019C1F2D73FE}.Ad-Hoc|iPhoneSimulator.Build.0 = Ad-Hoc|iPhoneSimulator
		{DEA0DC70-50B8-4FBC-A9F7-019C1F2D73FE}.Ad-Hoc|x64.ActiveCfg = Ad-Hoc|iPhone
		{DEA0DC70-50B8-4FBC-A9F7-019C1F2D73FE}.Ad-Hoc|x86.ActiveCfg = Ad-Hoc|iPhone
		{DEA0DC70-50B8-4FBC-A9F7-019C1F2D73FE}.AppStore|Any CPU.ActiveCfg = AppStore|iPhone
		{DEA0DC70-50B8-4FBC-A9F7-019C1F2D73FE}.AppStore|ARM.ActiveCfg = AppStore|iPhone
		{DEA0DC70-50B8-4FBC-A9F7-019C1F2D73FE}.AppStore|iPhone.ActiveCfg = AppStore|iPhone
		{DEA0DC70-50B8-4FBC-A9F7-019C1F2D73FE}.AppStore|iPhone.Build.0 = AppStore|iPhone
		{DEA0DC70-50B8-4FBC-A9F7-019C1F2D73FE}.AppStore|iPhoneSimulator.ActiveCfg = AppStore|iPhoneSimulator
		{DEA0DC70-50B8-4FBC-A9F7-019C1F2D73FE}.AppStore|iPhoneSimulator.Build.0 = AppStore|iPhoneSimulator
		{DEA0DC70-50B8-4FBC-A9F7-019C1F2D73FE}.AppStore|x64.ActiveCfg = AppStore|iPhone
		{DEA0DC70-50B8-4FBC-A9F7-019C1F2D73FE}.AppStore|x86.ActiveCfg = AppStore|iPhone
		{DEA0DC70-50B8-4FBC-A9F7-019C1F2D73FE}.Debug|Any CPU.ActiveCfg = Debug|iPhone
		{DEA0DC70-50B8-4FBC-A9F7-019C1F2D73FE}.Debug|ARM.ActiveCfg = Debug|iPhone
		{DEA0DC70-50B8-4FBC-A9F7-019C1F2D73FE}.Debug|iPhone.ActiveCfg = Debug|iPhone
		{DEA0DC70-50B8-4FBC-A9F7-019C1F2D73FE}.Debug|iPhone.Build.0 = Debug|iPhone
		{DEA0DC70-50B8-4FBC-A9F7-019C1F2D73FE}.Debug|iPhoneSimulator.ActiveCfg = Debug|iPhoneSimulator
		{DEA0DC70-50B8-4FBC-A9F7-019C1F2D73FE}.Debug|iPhoneSimulator.Build.0 = Debug|iPhoneSimulator
		{DEA0DC70-50B8-4FBC-A9F7-019C1F2D73FE}.Debug|x64.ActiveCfg = Debug|iPhone
		{DEA0DC70-50B8-4FBC-A9F7-019C1F2D73FE}.Debug|x86.ActiveCfg = Debug|iPhone
		{DEA0DC70-50B8-4FBC-A9F7-019C1F2D73FE}.Release|Any CPU.ActiveCfg = Release|iPhone
		{DEA0DC70-50B8-4FBC-A9F7-019C1F2D73FE}.Release|ARM.ActiveCfg = Release|iPhone
		{DEA0DC70-50B8-4FBC-A9F7-019C1F2D73FE}.Release|iPhone.ActiveCfg = Release|iPhone
		{DEA0DC70-50B8-4FBC-A9F7-019C1F2D73FE}.Release|iPhone.Build.0 = Release|iPhone
		{DEA0DC70-50B8-4FBC-A9F7-019C1F2D73FE}.Release|iPhoneSimulator.ActiveCfg = Release|iPhoneSimulator
		{DEA0DC70-50B8-4FBC-A9F7-019C1F2D73FE}.Release|iPhoneSimulator.Build.0 = Release|iPhoneSimulator
		{DEA0DC70-50B8-4FBC-A9F7-019C1F2D73FE}.Release|x64.ActiveCfg = Release|iPhone
		{DEA0DC70-50B8-4FBC-A9F7-019C1F2D73FE}.Release|x86.ActiveCfg = Release|iPhone
		{5B23A755-2078-417C-8587-56E02ABC9EDE}.Ad-Hoc|Any CPU.ActiveCfg = Release|x86
		{5B23A755-2078-417C-8587-56E02ABC9EDE}.Ad-Hoc|Any CPU.Build.0 = Release|x86
		{5B23A755-2078-417C-8587-56E02ABC9EDE}.Ad-Hoc|Any CPU.Deploy.0 = Release|x86
		{5B23A755-2078-417C-8587-56E02ABC9EDE}.Ad-Hoc|ARM.ActiveCfg = Release|ARM
		{5B23A755-2078-417C-8587-56E02ABC9EDE}.Ad-Hoc|ARM.Build.0 = Release|ARM
		{5B23A755-2078-417C-8587-56E02ABC9EDE}.Ad-Hoc|ARM.Deploy.0 = Release|ARM
		{5B23A755-2078-417C-8587-56E02ABC9EDE}.Ad-Hoc|iPhone.ActiveCfg = Release|x86
		{5B23A755-2078-417C-8587-56E02ABC9EDE}.Ad-Hoc|iPhone.Build.0 = Release|x86
		{5B23A755-2078-417C-8587-56E02ABC9EDE}.Ad-Hoc|iPhone.Deploy.0 = Release|x86
		{5B23A755-2078-417C-8587-56E02ABC9EDE}.Ad-Hoc|iPhoneSimulator.ActiveCfg = Release|x86
		{5B23A755-2078-417C-8587-56E02ABC9EDE}.Ad-Hoc|iPhoneSimulator.Build.0 = Release|x86
		{5B23A755-2078-417C-8587-56E02ABC9EDE}.Ad-Hoc|iPhoneSimulator.Deploy.0 = Release|x86
		{5B23A755-2078-417C-8587-56E02ABC9EDE}.Ad-Hoc|x64.ActiveCfg = Release|x64
		{5B23A755-2078-417C-8587-56E02ABC9EDE}.Ad-Hoc|x64.Build.0 = Release|x64
		{5B23A755-2078-417C-8587-56E02ABC9EDE}.Ad-Hoc|x64.Deploy.0 = Release|x64
		{5B23A755-2078-417C-8587-56E02ABC9EDE}.Ad-Hoc|x86.ActiveCfg = Release|x86
		{5B23A755-2078-417C-8587-56E02ABC9EDE}.Ad-Hoc|x86.Build.0 = Release|x86
		{5B23A755-2078-417C-8587-56E02ABC9EDE}.Ad-Hoc|x86.Deploy.0 = Release|x86
		{5B23A755-2078-417C-8587-56E02ABC9EDE}.AppStore|Any CPU.ActiveCfg = Release|x86
		{5B23A755-2078-417C-8587-56E02ABC9EDE}.AppStore|Any CPU.Build.0 = Release|x86
		{5B23A755-2078-417C-8587-56E02ABC9EDE}.AppStore|Any CPU.Deploy.0 = Release|x86
		{5B23A755-2078-417C-8587-56E02ABC9EDE}.AppStore|ARM.ActiveCfg = Release|ARM
		{5B23A755-2078-417C-8587-56E02ABC9EDE}.AppStore|ARM.Build.0 = Release|ARM
		{5B23A755-2078-417C-8587-56E02ABC9EDE}.AppStore|ARM.Deploy.0 = Release|ARM
		{5B23A755-2078-417C-8587-56E02ABC9EDE}.AppStore|iPhone.ActiveCfg = Release|x86
		{5B23A755-2078-417C-8587-56E02ABC9EDE}.AppStore|iPhone.Build.0 = Release|x86
		{5B23A755-2078-417C-8587-56E02ABC9EDE}.AppStore|iPhone.Deploy.0 = Release|x86
		{5B23A755-2078-417C-8587-56E02ABC9EDE}.AppStore|iPhoneSimulator.ActiveCfg = Release|x86
		{5B23A755-2078-417C-8587-56E02ABC9EDE}.AppStore|iPhoneSimulator.Build.0 = Release|x86
		{5B23A755-2078-417C-8587-56E02ABC9EDE}.AppStore|iPhoneSimulator.Deploy.0 = Release|x86
		{5B23A755-2078-417C-8587-56E02ABC9EDE}.AppStore|x64.ActiveCfg = Release|x64
		{5B23A755-2078-417C-8587-56E02ABC9EDE}.AppStore|x64.Build.0 = Release|x64
		{5B23A755-2078-417C-8587-56E02ABC9EDE}.AppStore|x64.Deploy.0 = Release|x64
		{5B23A755-2078-417C-8587-56E02ABC9EDE}.AppStore|x86.ActiveCfg = Release|x86
		{5B23A755-2078-417C-8587-56E02ABC9EDE}.AppStore|x86.Build.0 = Release|x86
		{5B23A755-2078-417C-8587-56E02ABC9EDE}.AppStore|x86.Deploy.0 = Release|x86
		{5B23A755-2078-417C-8587-56E02ABC9EDE}.Debug|Any CPU.ActiveCfg = Debug|x86
		{5B23A755-2078-417C-8587-56E02ABC9EDE}.Debug|ARM.ActiveCfg = Debug|ARM
		{5B23A755-2078-417C-8587-56E02ABC9EDE}.Debug|ARM.Build.0 = Debug|ARM
		{5B23A755-2078-417C-8587-56E02ABC9EDE}.Debug|ARM.Deploy.0 = Debug|ARM
		{5B23A755-2078-417C-8587-56E02ABC9EDE}.Debug|iPhone.ActiveCfg = Debug|x86
		{5B23A755-2078-417C-8587-56E02ABC9EDE}.Debug|iPhoneSimulator.ActiveCfg = Debug|x86
		{5B23A755-2078-417C-8587-56E02ABC9EDE}.Debug|x64.ActiveCfg = Debug|x64
		{5B23A755-2078-417C-8587-56E02ABC9EDE}.Debug|x64.Build.0 = Debug|x64
		{5B23A755-2078-417C-8587-56E02ABC9EDE}.Debug|x64.Deploy.0 = Debug|x64
		{5B23A755-2078-417C-8587-56E02ABC9EDE}.Debug|x86.ActiveCfg = Debug|x86
		{5B23A755-2078-417C-8587-56E02ABC9EDE}.Debug|x86.Build.0 = Debug|x86
		{5B23A755-2078-417C-8587-56E02ABC9EDE}.Debug|x86.Deploy.0 = Debug|x86
		{5B23A755-2078-417C-8587-56E02ABC9EDE}.Release|Any CPU.ActiveCfg = Release|x86
		{5B23A755-2078-417C-8587-56E02ABC9EDE}.Release|ARM.ActiveCfg = Release|ARM
		{5B23A755-2078-417C-8587-56E02ABC9EDE}.Release|ARM.Build.0 = Release|ARM
		{5B23A755-2078-417C-8587-56E02ABC9EDE}.Release|ARM.Deploy.0 = Release|ARM
		{5B23A755-2078-417C-8587-56E02ABC9EDE}.Release|iPhone.ActiveCfg = Release|x86
		{5B23A755-2078-417C-8587-56E02ABC9EDE}.Release|iPhoneSimulator.ActiveCfg = Release|x86
		{5B23A755-2078-417C-8587-56E02ABC9EDE}.Release|x64.ActiveCfg = Release|x64
		{5B23A755-2078-417C-8587-56E02ABC9EDE}.Release|x64.Build.0 = Release|x64
		{5B23A755-2078-417C-8587-56E02ABC9EDE}.Release|x64.Deploy.0 = Release|x64
		{5B23A755-2078-417C-8587-56E02ABC9EDE}.Release|x86.ActiveCfg = Release|x86
		{5B23A755-2078-417C-8587-56E02ABC9EDE}.Release|x86.Build.0 = Release|x86
		{5B23A755-2078-417C-8587-56E02ABC9EDE}.Release|x86.Deploy.0 = Release|x86
		{87FD989A-031E-45B7-81F0-1912600EE9BE}.Ad-Hoc|Any CPU.ActiveCfg = Debug|Any CPU
		{87FD989A-031E-45B7-81F0-1912600EE9BE}.Ad-Hoc|Any CPU.Build.0 = Debug|Any CPU
		{87FD989A-031E-45B7-81F0-1912600EE9BE}.Ad-Hoc|ARM.ActiveCfg = Debug|Any CPU
		{87FD989A-031E-45B7-81F0-1912600EE9BE}.Ad-Hoc|ARM.Build.0 = Debug|Any CPU
		{87FD989A-031E-45B7-81F0-1912600EE9BE}.Ad-Hoc|iPhone.ActiveCfg = Debug|Any CPU
		{87FD989A-031E-45B7-81F0-1912600EE9BE}.Ad-Hoc|iPhone.Build.0 = Debug|Any CPU
		{87FD989A-031E-45B7-81F0-1912600EE9BE}.Ad-Hoc|iPhoneSimulator.ActiveCfg = Debug|Any CPU
		{87FD989A-031E-45B7-81F0-1912600EE9BE}.Ad-Hoc|iPhoneSimulator.Build.0 = Debug|Any CPU
		{87FD989A-031E-45B7-81F0-1912600EE9BE}.Ad-Hoc|x64.ActiveCfg = Debug|Any CPU
		{87FD989A-031E-45B7-81F0-1912600EE9BE}.Ad-Hoc|x64.Build.0 = Debug|Any CPU
		{87FD989A-031E-45B7-81F0-1912600EE9BE}.Ad-Hoc|x86.ActiveCfg = Debug|Any CPU
		{87FD989A-031E-45B7-81F0-1912600EE9BE}.Ad-Hoc|x86.Build.0 = Debug|Any CPU
		{87FD989A-031E-45B7-81F0-1912600EE9BE}.AppStore|Any CPU.ActiveCfg = Debug|Any CPU
		{87FD989A-031E-45B7-81F0-1912600EE9BE}.AppStore|Any CPU.Build.0 = Debug|Any CPU
		{87FD989A-031E-45B7-81F0-1912600EE9BE}.AppStore|ARM.ActiveCfg = Debug|Any CPU
		{87FD989A-031E-45B7-81F0-1912600EE9BE}.AppStore|ARM.Build.0 = Debug|Any CPU
		{87FD989A-031E-45B7-81F0-1912600EE9BE}.AppStore|iPhone.ActiveCfg = Debug|Any CPU
		{87FD989A-031E-45B7-81F0-1912600EE9BE}.AppStore|iPhone.Build.0 = Debug|Any CPU
		{87FD989A-031E-45B7-81F0-1912600EE9BE}.AppStore|iPhoneSimulator.ActiveCfg = Debug|Any CPU
		{87FD989A-031E-45B7-81F0-1912600EE9BE}.AppStore|iPhoneSimulator.Build.0 = Debug|Any CPU
		{87FD989A-031E-45B7-81F0-1912600EE9BE}.AppStore|x64.ActiveCfg = Debug|Any CPU
		{87FD989A-031E-45B7-81F0-1912600EE9BE}.AppStore|x64.Build.0 = Debug|Any CPU
		{87FD989A-031E-45B7-81F0-1912600EE9BE}.AppStore|x86.ActiveCfg = Debug|Any CPU
		{87FD989A-031E-45B7-81F0-1912600EE9BE}.AppStore|x86.Build.0 = Debug|Any CPU
		{87FD989A-031E-45B7-81F0-1912600EE9BE}.Debug|Any CPU.ActiveCfg = Debug|Any CPU
		{87FD989A-031E-45B7-81F0-1912600EE9BE}.Debug|Any CPU.Build.0 = Debug|Any CPU
		{87FD989A-031E-45B7-81F0-1912600EE9BE}.Debug|ARM.ActiveCfg = Debug|Any CPU
		{87FD989A-031E-45B7-81F0-1912600EE9BE}.Debug|ARM.Build.0 = Debug|Any CPU
		{87FD989A-031E-45B7-81F0-1912600EE9BE}.Debug|iPhone.ActiveCfg = Debug|Any CPU
		{87FD989A-031E-45B7-81F0-1912600EE9BE}.Debug|iPhone.Build.0 = Debug|Any CPU
		{87FD989A-031E-45B7-81F0-1912600EE9BE}.Debug|iPhoneSimulator.ActiveCfg = Debug|Any CPU
		{87FD989A-031E-45B7-81F0-1912600EE9BE}.Debug|iPhoneSimulator.Build.0 = Debug|Any CPU
		{87FD989A-031E-45B7-81F0-1912600EE9BE}.Debug|x64.ActiveCfg = Debug|Any CPU
		{87FD989A-031E-45B7-81F0-1912600EE9BE}.Debug|x64.Build.0 = Debug|Any CPU
		{87FD989A-031E-45B7-81F0-1912600EE9BE}.Debug|x86.ActiveCfg = Debug|Any CPU
		{87FD989A-031E-45B7-81F0-1912600EE9BE}.Debug|x86.Build.0 = Debug|Any CPU
		{87FD989A-031E-45B7-81F0-1912600EE9BE}.Release|Any CPU.ActiveCfg = Release|Any CPU
		{87FD989A-031E-45B7-81F0-1912600EE9BE}.Release|Any CPU.Build.0 = Release|Any CPU
		{87FD989A-031E-45B7-81F0-1912600EE9BE}.Release|ARM.ActiveCfg = Release|Any CPU
		{87FD989A-031E-45B7-81F0-1912600EE9BE}.Release|ARM.Build.0 = Release|Any CPU
		{87FD989A-031E-45B7-81F0-1912600EE9BE}.Release|iPhone.ActiveCfg = Release|Any CPU
		{87FD989A-031E-45B7-81F0-1912600EE9BE}.Release|iPhone.Build.0 = Release|Any CPU
		{87FD989A-031E-45B7-81F0-1912600EE9BE}.Release|iPhoneSimulator.ActiveCfg = Release|Any CPU
		{87FD989A-031E-45B7-81F0-1912600EE9BE}.Release|iPhoneSimulator.Build.0 = Release|Any CPU
		{87FD989A-031E-45B7-81F0-1912600EE9BE}.Release|x64.ActiveCfg = Release|Any CPU
		{87FD989A-031E-45B7-81F0-1912600EE9BE}.Release|x64.Build.0 = Release|Any CPU
		{87FD989A-031E-45B7-81F0-1912600EE9BE}.Release|x86.ActiveCfg = Release|Any CPU
		{87FD989A-031E-45B7-81F0-1912600EE9BE}.Release|x86.Build.0 = Release|Any CPU
	EndGlobalSection
	GlobalSection(SolutionProperties) = preSolution
		HideSolutionNode = FALSE
	EndGlobalSection
	GlobalSection(ExtensibilityGlobals) = postSolution
		SolutionGuid = {9F8E94C2-5D3F-44A8-BCB0-07052D84C9AF}
	EndGlobalSection
EndGlobal
