
Microsoft Visual Studio Solution File, Format Version 12.00
# Visual Studio 15
VisualStudioVersion = 15.0.27130.2036
MinimumVisualStudioVersion = 10.0.40219.1
Project("{FAE04EC0-301F-11D3-BF4B-00C04F79EFBC}") = "AppiumBoileplate.Android", "AppiumBoileplate\AppiumBoileplate.Android\AppiumBoileplate.Android.csproj", "{447D0361-2D2A-4240-AF7C-E3981FCEE630}"
EndProject
Project("{FAE04EC0-301F-11D3-BF4B-00C04F79EFBC}") = "AppiumBoileplate.iOS", "AppiumBoileplate\AppiumBoileplate.iOS\AppiumBoileplate.iOS.csproj", "{8403C2BE-DC93-4325-9A02-95DECCC8FF48}"
EndProject
Project("{FAE04EC0-301F-11D3-BF4B-00C04F79EFBC}") = "AppiumBoileplate.UWP", "AppiumBoileplate\AppiumBoileplate.UWP\AppiumBoileplate.UWP.csproj", "{1864E022-7E9E-4897-9C84-9CBB4A3E7817}"
EndProject
Project("{FAE04EC0-301F-11D3-BF4B-00C04F79EFBC}") = "AppiumBoileplate", "AppiumBoileplate\AppiumBoileplate\AppiumBoileplate.csproj", "{39A8B14E-9EFE-42B3-AC2C-82D632DABA99}"
EndProject
Global
	GlobalSection(SolutionConfigurationPlatforms) = preSolution
		Ad-Hoc|Any CPU = Ad-Hoc|Any CPU
		Ad-Hoc|ARM = Ad-Hoc|ARM
		Ad-Hoc|iPhone = Ad-Hoc|iPhone
		Ad-Hoc|iPhoneSimulator = Ad-Hoc|iPhoneSimulator
		Ad-Hoc|x64 = Ad-Hoc|x64
		Ad-Hoc|x86 = Ad-Hoc|x86
		AppStore|Any CPU = AppStore|Any CPU
		AppStore|ARM = AppStore|ARM
		AppStore|iPhone = AppStore|iPhone
		AppStore|iPhoneSimulator = AppStore|iPhoneSimulator
		AppStore|x64 = AppStore|x64
		AppStore|x86 = AppStore|x86
		Debug|Any CPU = Debug|Any CPU
		Debug|ARM = Debug|ARM
		Debug|iPhone = Debug|iPhone
		Debug|iPhoneSimulator = Debug|iPhoneSimulator
		Debug|x64 = Debug|x64
		Debug|x86 = Debug|x86
		Release|Any CPU = Release|Any CPU
		Release|ARM = Release|ARM
		Release|iPhone = Release|iPhone
		Release|iPhoneSimulator = Release|iPhoneSimulator
		Release|x64 = Release|x64
		Release|x86 = Release|x86
	EndGlobalSection
	GlobalSection(ProjectConfigurationPlatforms) = postSolution
		{447D0361-2D2A-4240-AF7C-E3981FCEE630}.Ad-Hoc|Any CPU.ActiveCfg = Release|Any CPU
		{447D0361-2D2A-4240-AF7C-E3981FCEE630}.Ad-Hoc|Any CPU.Build.0 = Release|Any CPU
		{447D0361-2D2A-4240-AF7C-E3981FCEE630}.Ad-Hoc|Any CPU.Deploy.0 = Release|Any CPU
		{447D0361-2D2A-4240-AF7C-E3981FCEE630}.Ad-Hoc|ARM.ActiveCfg = Release|Any CPU
		{447D0361-2D2A-4240-AF7C-E3981FCEE630}.Ad-Hoc|ARM.Build.0 = Release|Any CPU
		{447D0361-2D2A-4240-AF7C-E3981FCEE630}.Ad-Hoc|ARM.Deploy.0 = Release|Any CPU
		{447D0361-2D2A-4240-AF7C-E3981FCEE630}.Ad-Hoc|iPhone.ActiveCfg = Release|Any CPU
		{447D0361-2D2A-4240-AF7C-E3981FCEE630}.Ad-Hoc|iPhone.Build.0 = Release|Any CPU
		{447D0361-2D2A-4240-AF7C-E3981FCEE630}.Ad-Hoc|iPhone.Deploy.0 = Release|Any CPU
		{447D0361-2D2A-4240-AF7C-E3981FCEE630}.Ad-Hoc|iPhoneSimulator.ActiveCfg = Release|Any CPU
		{447D0361-2D2A-4240-AF7C-E3981FCEE630}.Ad-Hoc|iPhoneSimulator.Build.0 = Release|Any CPU
		{447D0361-2D2A-4240-AF7C-E3981FCEE630}.Ad-Hoc|iPhoneSimulator.Deploy.0 = Release|Any CPU
		{447D0361-2D2A-4240-AF7C-E3981FCEE630}.Ad-Hoc|x64.ActiveCfg = Release|Any CPU
		{447D0361-2D2A-4240-AF7C-E3981FCEE630}.Ad-Hoc|x64.Build.0 = Release|Any CPU
		{447D0361-2D2A-4240-AF7C-E3981FCEE630}.Ad-Hoc|x64.Deploy.0 = Release|Any CPU
		{447D0361-2D2A-4240-AF7C-E3981FCEE630}.Ad-Hoc|x86.ActiveCfg = Release|Any CPU
		{447D0361-2D2A-4240-AF7C-E3981FCEE630}.Ad-Hoc|x86.Build.0 = Release|Any CPU
		{447D0361-2D2A-4240-AF7C-E3981FCEE630}.Ad-Hoc|x86.Deploy.0 = Release|Any CPU
		{447D0361-2D2A-4240-AF7C-E3981FCEE630}.AppStore|Any CPU.ActiveCfg = Release|Any CPU
		{447D0361-2D2A-4240-AF7C-E3981FCEE630}.AppStore|Any CPU.Build.0 = Release|Any CPU
		{447D0361-2D2A-4240-AF7C-E3981FCEE630}.AppStore|Any CPU.Deploy.0 = Release|Any CPU
		{447D0361-2D2A-4240-AF7C-E3981FCEE630}.AppStore|ARM.ActiveCfg = Release|Any CPU
		{447D0361-2D2A-4240-AF7C-E3981FCEE630}.AppStore|ARM.Build.0 = Release|Any CPU
		{447D0361-2D2A-4240-AF7C-E3981FCEE630}.AppStore|ARM.Deploy.0 = Release|Any CPU
		{447D0361-2D2A-4240-AF7C-E3981FCEE630}.AppStore|iPhone.ActiveCfg = Release|Any CPU
		{447D0361-2D2A-4240-AF7C-E3981FCEE630}.AppStore|iPhone.Build.0 = Release|Any CPU
		{447D0361-2D2A-4240-AF7C-E3981FCEE630}.AppStore|iPhone.Deploy.0 = Release|Any CPU
		{447D0361-2D2A-4240-AF7C-E3981FCEE630}.AppStore|iPhoneSimulator.ActiveCfg = Release|Any CPU
		{447D0361-2D2A-4240-AF7C-E3981FCEE630}.AppStore|iPhoneSimulator.Build.0 = Release|Any CPU
		{447D0361-2D2A-4240-AF7C-E3981FCEE630}.AppStore|iPhoneSimulator.Deploy.0 = Release|Any CPU
		{447D0361-2D2A-4240-AF7C-E3981FCEE630}.AppStore|x64.ActiveCfg = Release|Any CPU
		{447D0361-2D2A-4240-AF7C-E3981FCEE630}.AppStore|x64.Build.0 = Release|Any CPU
		{447D0361-2D2A-4240-AF7C-E3981FCEE630}.AppStore|x64.Deploy.0 = Release|Any CPU
		{447D0361-2D2A-4240-AF7C-E3981FCEE630}.AppStore|x86.ActiveCfg = Release|Any CPU
		{447D0361-2D2A-4240-AF7C-E3981FCEE630}.AppStore|x86.Build.0 = Release|Any CPU
		{447D0361-2D2A-4240-AF7C-E3981FCEE630}.AppStore|x86.Deploy.0 = Release|Any CPU
		{447D0361-2D2A-4240-AF7C-E3981FCEE630}.Debug|Any CPU.ActiveCfg = Debug|Any CPU
		{447D0361-2D2A-4240-AF7C-E3981FCEE630}.Debug|Any CPU.Build.0 = Debug|Any CPU
		{447D0361-2D2A-4240-AF7C-E3981FCEE630}.Debug|Any CPU.Deploy.0 = Debug|Any CPU
		{447D0361-2D2A-4240-AF7C-E3981FCEE630}.Debug|ARM.ActiveCfg = Debug|Any CPU
		{447D0361-2D2A-4240-AF7C-E3981FCEE630}.Debug|ARM.Build.0 = Debug|Any CPU
		{447D0361-2D2A-4240-AF7C-E3981FCEE630}.Debug|ARM.Deploy.0 = Debug|Any CPU
		{447D0361-2D2A-4240-AF7C-E3981FCEE630}.Debug|iPhone.ActiveCfg = Debug|Any CPU
		{447D0361-2D2A-4240-AF7C-E3981FCEE630}.Debug|iPhone.Build.0 = Debug|Any CPU
		{447D0361-2D2A-4240-AF7C-E3981FCEE630}.Debug|iPhone.Deploy.0 = Debug|Any CPU
		{447D0361-2D2A-4240-AF7C-E3981FCEE630}.Debug|iPhoneSimulator.ActiveCfg = Debug|Any CPU
		{447D0361-2D2A-4240-AF7C-E3981FCEE630}.Debug|iPhoneSimulator.Build.0 = Debug|Any CPU
		{447D0361-2D2A-4240-AF7C-E3981FCEE630}.Debug|iPhoneSimulator.Deploy.0 = Debug|Any CPU
		{447D0361-2D2A-4240-AF7C-E3981FCEE630}.Debug|x64.ActiveCfg = Debug|Any CPU
		{447D0361-2D2A-4240-AF7C-E3981FCEE630}.Debug|x64.Build.0 = Debug|Any CPU
		{447D0361-2D2A-4240-AF7C-E3981FCEE630}.Debug|x64.Deploy.0 = Debug|Any CPU
		{447D0361-2D2A-4240-AF7C-E3981FCEE630}.Debug|x86.ActiveCfg = Debug|Any CPU
		{447D0361-2D2A-4240-AF7C-E3981FCEE630}.Debug|x86.Build.0 = Debug|Any CPU
		{447D0361-2D2A-4240-AF7C-E3981FCEE630}.Debug|x86.Deploy.0 = Debug|Any CPU
		{447D0361-2D2A-4240-AF7C-E3981FCEE630}.Release|Any CPU.ActiveCfg = Release|Any CPU
		{447D0361-2D2A-4240-AF7C-E3981FCEE630}.Release|Any CPU.Build.0 = Release|Any CPU
		{447D0361-2D2A-4240-AF7C-E3981FCEE630}.Release|Any CPU.Deploy.0 = Release|Any CPU
		{447D0361-2D2A-4240-AF7C-E3981FCEE630}.Release|ARM.ActiveCfg = Release|Any CPU
		{447D0361-2D2A-4240-AF7C-E3981FCEE630}.Release|ARM.Build.0 = Release|Any CPU
		{447D0361-2D2A-4240-AF7C-E3981FCEE630}.Release|ARM.Deploy.0 = Release|Any CPU
		{447D0361-2D2A-4240-AF7C-E3981FCEE630}.Release|iPhone.ActiveCfg = Release|Any CPU
		{447D0361-2D2A-4240-AF7C-E3981FCEE630}.Release|iPhone.Build.0 = Release|Any CPU
		{447D0361-2D2A-4240-AF7C-E3981FCEE630}.Release|iPhone.Deploy.0 = Release|Any CPU
		{447D0361-2D2A-4240-AF7C-E3981FCEE630}.Release|iPhoneSimulator.ActiveCfg = Release|Any CPU
		{447D0361-2D2A-4240-AF7C-E3981FCEE630}.Release|iPhoneSimulator.Build.0 = Release|Any CPU
		{447D0361-2D2A-4240-AF7C-E3981FCEE630}.Release|iPhoneSimulator.Deploy.0 = Release|Any CPU
		{447D0361-2D2A-4240-AF7C-E3981FCEE630}.Release|x64.ActiveCfg = Release|Any CPU
		{447D0361-2D2A-4240-AF7C-E3981FCEE630}.Release|x64.Build.0 = Release|Any CPU
		{447D0361-2D2A-4240-AF7C-E3981FCEE630}.Release|x64.Deploy.0 = Release|Any CPU
		{447D0361-2D2A-4240-AF7C-E3981FCEE630}.Release|x86.ActiveCfg = Release|Any CPU
		{447D0361-2D2A-4240-AF7C-E3981FCEE630}.Release|x86.Build.0 = Release|Any CPU
		{447D0361-2D2A-4240-AF7C-E3981FCEE630}.Release|x86.Deploy.0 = Release|Any CPU
		{8403C2BE-DC93-4325-9A02-95DECCC8FF48}.Ad-Hoc|Any CPU.ActiveCfg = Ad-Hoc|iPhone
		{8403C2BE-DC93-4325-9A02-95DECCC8FF48}.Ad-Hoc|ARM.ActiveCfg = Ad-Hoc|iPhone
		{8403C2BE-DC93-4325-9A02-95DECCC8FF48}.Ad-Hoc|iPhone.ActiveCfg = Ad-Hoc|iPhone
		{8403C2BE-DC93-4325-9A02-95DECCC8FF48}.Ad-Hoc|iPhone.Build.0 = Ad-Hoc|iPhone
		{8403C2BE-DC93-4325-9A02-95DECCC8FF48}.Ad-Hoc|iPhoneSimulator.ActiveCfg = Ad-Hoc|iPhoneSimulator
		{8403C2BE-DC93-4325-9A02-95DECCC8FF48}.Ad-Hoc|iPhoneSimulator.Build.0 = Ad-Hoc|iPhoneSimulator
		{8403C2BE-DC93-4325-9A02-95DECCC8FF48}.Ad-Hoc|x64.ActiveCfg = Ad-Hoc|iPhone
		{8403C2BE-DC93-4325-9A02-95DECCC8FF48}.Ad-Hoc|x86.ActiveCfg = Ad-Hoc|iPhone
		{8403C2BE-DC93-4325-9A02-95DECCC8FF48}.AppStore|Any CPU.ActiveCfg = AppStore|iPhone
		{8403C2BE-DC93-4325-9A02-95DECCC8FF48}.AppStore|ARM.ActiveCfg = AppStore|iPhone
		{8403C2BE-DC93-4325-9A02-95DECCC8FF48}.AppStore|iPhone.ActiveCfg = AppStore|iPhone
		{8403C2BE-DC93-4325-9A02-95DECCC8FF48}.AppStore|iPhone.Build.0 = AppStore|iPhone
		{8403C2BE-DC93-4325-9A02-95DECCC8FF48}.AppStore|iPhoneSimulator.ActiveCfg = AppStore|iPhoneSimulator
		{8403C2BE-DC93-4325-9A02-95DECCC8FF48}.AppStore|iPhoneSimulator.Build.0 = AppStore|iPhoneSimulator
		{8403C2BE-DC93-4325-9A02-95DECCC8FF48}.AppStore|x64.ActiveCfg = AppStore|iPhone
		{8403C2BE-DC93-4325-9A02-95DECCC8FF48}.AppStore|x86.ActiveCfg = AppStore|iPhone
		{8403C2BE-DC93-4325-9A02-95DECCC8FF48}.Debug|Any CPU.ActiveCfg = Debug|iPhone
		{8403C2BE-DC93-4325-9A02-95DECCC8FF48}.Debug|ARM.ActiveCfg = Debug|iPhone
		{8403C2BE-DC93-4325-9A02-95DECCC8FF48}.Debug|iPhone.ActiveCfg = Debug|iPhone
		{8403C2BE-DC93-4325-9A02-95DECCC8FF48}.Debug|iPhone.Build.0 = Debug|iPhone
		{8403C2BE-DC93-4325-9A02-95DECCC8FF48}.Debug|iPhoneSimulator.ActiveCfg = Debug|iPhoneSimulator
		{8403C2BE-DC93-4325-9A02-95DECCC8FF48}.Debug|iPhoneSimulator.Build.0 = Debug|iPhoneSimulator
		{8403C2BE-DC93-4325-9A02-95DECCC8FF48}.Debug|x64.ActiveCfg = Debug|iPhone
		{8403C2BE-DC93-4325-9A02-95DECCC8FF48}.Debug|x86.ActiveCfg = Debug|iPhone
		{8403C2BE-DC93-4325-9A02-95DECCC8FF48}.Release|Any CPU.ActiveCfg = Release|iPhone
		{8403C2BE-DC93-4325-9A02-95DECCC8FF48}.Release|ARM.ActiveCfg = Release|iPhone
		{8403C2BE-DC93-4325-9A02-95DECCC8FF48}.Release|iPhone.ActiveCfg = Release|iPhone
		{8403C2BE-DC93-4325-9A02-95DECCC8FF48}.Release|iPhone.Build.0 = Release|iPhone
		{8403C2BE-DC93-4325-9A02-95DECCC8FF48}.Release|iPhoneSimulator.ActiveCfg = Release|iPhoneSimulator
		{8403C2BE-DC93-4325-9A02-95DECCC8FF48}.Release|iPhoneSimulator.Build.0 = Release|iPhoneSimulator
		{8403C2BE-DC93-4325-9A02-95DECCC8FF48}.Release|x64.ActiveCfg = Release|iPhone
		{8403C2BE-DC93-4325-9A02-95DECCC8FF48}.Release|x86.ActiveCfg = Release|iPhone
		{1864E022-7E9E-4897-9C84-9CBB4A3E7817}.Ad-Hoc|Any CPU.ActiveCfg = Release|x86
		{1864E022-7E9E-4897-9C84-9CBB4A3E7817}.Ad-Hoc|Any CPU.Build.0 = Release|x86
		{1864E022-7E9E-4897-9C84-9CBB4A3E7817}.Ad-Hoc|Any CPU.Deploy.0 = Release|x86
		{1864E022-7E9E-4897-9C84-9CBB4A3E7817}.Ad-Hoc|ARM.ActiveCfg = Release|ARM
		{1864E022-7E9E-4897-9C84-9CBB4A3E7817}.Ad-Hoc|ARM.Build.0 = Release|ARM
		{1864E022-7E9E-4897-9C84-9CBB4A3E7817}.Ad-Hoc|ARM.Deploy.0 = Release|ARM
		{1864E022-7E9E-4897-9C84-9CBB4A3E7817}.Ad-Hoc|iPhone.ActiveCfg = Release|x86
		{1864E022-7E9E-4897-9C84-9CBB4A3E7817}.Ad-Hoc|iPhone.Build.0 = Release|x86
		{1864E022-7E9E-4897-9C84-9CBB4A3E7817}.Ad-Hoc|iPhone.Deploy.0 = Release|x86
		{1864E022-7E9E-4897-9C84-9CBB4A3E7817}.Ad-Hoc|iPhoneSimulator.ActiveCfg = Release|x86
		{1864E022-7E9E-4897-9C84-9CBB4A3E7817}.Ad-Hoc|iPhoneSimulator.Build.0 = Release|x86
		{1864E022-7E9E-4897-9C84-9CBB4A3E7817}.Ad-Hoc|iPhoneSimulator.Deploy.0 = Release|x86
		{1864E022-7E9E-4897-9C84-9CBB4A3E7817}.Ad-Hoc|x64.ActiveCfg = Release|x64
		{1864E022-7E9E-4897-9C84-9CBB4A3E7817}.Ad-Hoc|x64.Build.0 = Release|x64
		{1864E022-7E9E-4897-9C84-9CBB4A3E7817}.Ad-Hoc|x64.Deploy.0 = Release|x64
		{1864E022-7E9E-4897-9C84-9CBB4A3E7817}.Ad-Hoc|x86.ActiveCfg = Release|x86
		{1864E022-7E9E-4897-9C84-9CBB4A3E7817}.Ad-Hoc|x86.Build.0 = Release|x86
		{1864E022-7E9E-4897-9C84-9CBB4A3E7817}.Ad-Hoc|x86.Deploy.0 = Release|x86
		{1864E022-7E9E-4897-9C84-9CBB4A3E7817}.AppStore|Any CPU.ActiveCfg = Release|x86
		{1864E022-7E9E-4897-9C84-9CBB4A3E7817}.AppStore|Any CPU.Build.0 = Release|x86
		{1864E022-7E9E-4897-9C84-9CBB4A3E7817}.AppStore|Any CPU.Deploy.0 = Release|x86
		{1864E022-7E9E-4897-9C84-9CBB4A3E7817}.AppStore|ARM.ActiveCfg = Release|ARM
		{1864E022-7E9E-4897-9C84-9CBB4A3E7817}.AppStore|ARM.Build.0 = Release|ARM
		{1864E022-7E9E-4897-9C84-9CBB4A3E7817}.AppStore|ARM.Deploy.0 = Release|ARM
		{1864E022-7E9E-4897-9C84-9CBB4A3E7817}.AppStore|iPhone.ActiveCfg = Release|x86
		{1864E022-7E9E-4897-9C84-9CBB4A3E7817}.AppStore|iPhone.Build.0 = Release|x86
		{1864E022-7E9E-4897-9C84-9CBB4A3E7817}.AppStore|iPhone.Deploy.0 = Release|x86
		{1864E022-7E9E-4897-9C84-9CBB4A3E7817}.AppStore|iPhoneSimulator.ActiveCfg = Release|x86
		{1864E022-7E9E-4897-9C84-9CBB4A3E7817}.AppStore|iPhoneSimulator.Build.0 = Release|x86
		{1864E022-7E9E-4897-9C84-9CBB4A3E7817}.AppStore|iPhoneSimulator.Deploy.0 = Release|x86
		{1864E022-7E9E-4897-9C84-9CBB4A3E7817}.AppStore|x64.ActiveCfg = Release|x64
		{1864E022-7E9E-4897-9C84-9CBB4A3E7817}.AppStore|x64.Build.0 = Release|x64
		{1864E022-7E9E-4897-9C84-9CBB4A3E7817}.AppStore|x64.Deploy.0 = Release|x64
		{1864E022-7E9E-4897-9C84-9CBB4A3E7817}.AppStore|x86.ActiveCfg = Release|x86
		{1864E022-7E9E-4897-9C84-9CBB4A3E7817}.AppStore|x86.Build.0 = Release|x86
		{1864E022-7E9E-4897-9C84-9CBB4A3E7817}.AppStore|x86.Deploy.0 = Release|x86
		{1864E022-7E9E-4897-9C84-9CBB4A3E7817}.Debug|Any CPU.ActiveCfg = Debug|x86
		{1864E022-7E9E-4897-9C84-9CBB4A3E7817}.Debug|ARM.ActiveCfg = Debug|ARM
		{1864E022-7E9E-4897-9C84-9CBB4A3E7817}.Debug|ARM.Build.0 = Debug|ARM
		{1864E022-7E9E-4897-9C84-9CBB4A3E7817}.Debug|ARM.Deploy.0 = Debug|ARM
		{1864E022-7E9E-4897-9C84-9CBB4A3E7817}.Debug|iPhone.ActiveCfg = Debug|x86
		{1864E022-7E9E-4897-9C84-9CBB4A3E7817}.Debug|iPhoneSimulator.ActiveCfg = Debug|x86
		{1864E022-7E9E-4897-9C84-9CBB4A3E7817}.Debug|x64.ActiveCfg = Debug|x64
		{1864E022-7E9E-4897-9C84-9CBB4A3E7817}.Debug|x64.Build.0 = Debug|x64
		{1864E022-7E9E-4897-9C84-9CBB4A3E7817}.Debug|x64.Deploy.0 = Debug|x64
		{1864E022-7E9E-4897-9C84-9CBB4A3E7817}.Debug|x86.ActiveCfg = Debug|x86
		{1864E022-7E9E-4897-9C84-9CBB4A3E7817}.Debug|x86.Build.0 = Debug|x86
		{1864E022-7E9E-4897-9C84-9CBB4A3E7817}.Debug|x86.Deploy.0 = Debug|x86
		{1864E022-7E9E-4897-9C84-9CBB4A3E7817}.Release|Any CPU.ActiveCfg = Release|x86
		{1864E022-7E9E-4897-9C84-9CBB4A3E7817}.Release|ARM.ActiveCfg = Release|ARM
		{1864E022-7E9E-4897-9C84-9CBB4A3E7817}.Release|ARM.Build.0 = Release|ARM
		{1864E022-7E9E-4897-9C84-9CBB4A3E7817}.Release|ARM.Deploy.0 = Release|ARM
		{1864E022-7E9E-4897-9C84-9CBB4A3E7817}.Release|iPhone.ActiveCfg = Release|x86
		{1864E022-7E9E-4897-9C84-9CBB4A3E7817}.Release|iPhoneSimulator.ActiveCfg = Release|x86
		{1864E022-7E9E-4897-9C84-9CBB4A3E7817}.Release|x64.ActiveCfg = Release|x64
		{1864E022-7E9E-4897-9C84-9CBB4A3E7817}.Release|x64.Build.0 = Release|x64
		{1864E022-7E9E-4897-9C84-9CBB4A3E7817}.Release|x64.Deploy.0 = Release|x64
		{1864E022-7E9E-4897-9C84-9CBB4A3E7817}.Release|x86.ActiveCfg = Release|x86
		{1864E022-7E9E-4897-9C84-9CBB4A3E7817}.Release|x86.Build.0 = Release|x86
		{1864E022-7E9E-4897-9C84-9CBB4A3E7817}.Release|x86.Deploy.0 = Release|x86
		{39A8B14E-9EFE-42B3-AC2C-82D632DABA99}.Ad-Hoc|Any CPU.ActiveCfg = Debug|Any CPU
		{39A8B14E-9EFE-42B3-AC2C-82D632DABA99}.Ad-Hoc|Any CPU.Build.0 = Debug|Any CPU
		{39A8B14E-9EFE-42B3-AC2C-82D632DABA99}.Ad-Hoc|ARM.ActiveCfg = Debug|Any CPU
		{39A8B14E-9EFE-42B3-AC2C-82D632DABA99}.Ad-Hoc|ARM.Build.0 = Debug|Any CPU
		{39A8B14E-9EFE-42B3-AC2C-82D632DABA99}.Ad-Hoc|iPhone.ActiveCfg = Debug|Any CPU
		{39A8B14E-9EFE-42B3-AC2C-82D632DABA99}.Ad-Hoc|iPhone.Build.0 = Debug|Any CPU
		{39A8B14E-9EFE-42B3-AC2C-82D632DABA99}.Ad-Hoc|iPhoneSimulator.ActiveCfg = Debug|Any CPU
		{39A8B14E-9EFE-42B3-AC2C-82D632DABA99}.Ad-Hoc|iPhoneSimulator.Build.0 = Debug|Any CPU
		{39A8B14E-9EFE-42B3-AC2C-82D632DABA99}.Ad-Hoc|x64.ActiveCfg = Debug|Any CPU
		{39A8B14E-9EFE-42B3-AC2C-82D632DABA99}.Ad-Hoc|x64.Build.0 = Debug|Any CPU
		{39A8B14E-9EFE-42B3-AC2C-82D632DABA99}.Ad-Hoc|x86.ActiveCfg = Debug|Any CPU
		{39A8B14E-9EFE-42B3-AC2C-82D632DABA99}.Ad-Hoc|x86.Build.0 = Debug|Any CPU
		{39A8B14E-9EFE-42B3-AC2C-82D632DABA99}.AppStore|Any CPU.ActiveCfg = Debug|Any CPU
		{39A8B14E-9EFE-42B3-AC2C-82D632DABA99}.AppStore|Any CPU.Build.0 = Debug|Any CPU
		{39A8B14E-9EFE-42B3-AC2C-82D632DABA99}.AppStore|ARM.ActiveCfg = Debug|Any CPU
		{39A8B14E-9EFE-42B3-AC2C-82D632DABA99}.AppStore|ARM.Build.0 = Debug|Any CPU
		{39A8B14E-9EFE-42B3-AC2C-82D632DABA99}.AppStore|iPhone.ActiveCfg = Debug|Any CPU
		{39A8B14E-9EFE-42B3-AC2C-82D632DABA99}.AppStore|iPhone.Build.0 = Debug|Any CPU
		{39A8B14E-9EFE-42B3-AC2C-82D632DABA99}.AppStore|iPhoneSimulator.ActiveCfg = Debug|Any CPU
		{39A8B14E-9EFE-42B3-AC2C-82D632DABA99}.AppStore|iPhoneSimulator.Build.0 = Debug|Any CPU
		{39A8B14E-9EFE-42B3-AC2C-82D632DABA99}.AppStore|x64.ActiveCfg = Debug|Any CPU
		{39A8B14E-9EFE-42B3-AC2C-82D632DABA99}.AppStore|x64.Build.0 = Debug|Any CPU
		{39A8B14E-9EFE-42B3-AC2C-82D632DABA99}.AppStore|x86.ActiveCfg = Debug|Any CPU
		{39A8B14E-9EFE-42B3-AC2C-82D632DABA99}.AppStore|x86.Build.0 = Debug|Any CPU
		{39A8B14E-9EFE-42B3-AC2C-82D632DABA99}.Debug|Any CPU.ActiveCfg = Debug|Any CPU
		{39A8B14E-9EFE-42B3-AC2C-82D632DABA99}.Debug|Any CPU.Build.0 = Debug|Any CPU
		{39A8B14E-9EFE-42B3-AC2C-82D632DABA99}.Debug|ARM.ActiveCfg = Debug|Any CPU
		{39A8B14E-9EFE-42B3-AC2C-82D632DABA99}.Debug|ARM.Build.0 = Debug|Any CPU
		{39A8B14E-9EFE-42B3-AC2C-82D632DABA99}.Debug|iPhone.ActiveCfg = Debug|Any CPU
		{39A8B14E-9EFE-42B3-AC2C-82D632DABA99}.Debug|iPhone.Build.0 = Debug|Any CPU
		{39A8B14E-9EFE-42B3-AC2C-82D632DABA99}.Debug|iPhoneSimulator.ActiveCfg = Debug|Any CPU
		{39A8B14E-9EFE-42B3-AC2C-82D632DABA99}.Debug|iPhoneSimulator.Build.0 = Debug|Any CPU
		{39A8B14E-9EFE-42B3-AC2C-82D632DABA99}.Debug|x64.ActiveCfg = Debug|Any CPU
		{39A8B14E-9EFE-42B3-AC2C-82D632DABA99}.Debug|x64.Build.0 = Debug|Any CPU
		{39A8B14E-9EFE-42B3-AC2C-82D632DABA99}.Debug|x86.ActiveCfg = Debug|Any CPU
		{39A8B14E-9EFE-42B3-AC2C-82D632DABA99}.Debug|x86.Build.0 = Debug|Any CPU
		{39A8B14E-9EFE-42B3-AC2C-82D632DABA99}.Release|Any CPU.ActiveCfg = Release|Any CPU
		{39A8B14E-9EFE-42B3-AC2C-82D632DABA99}.Release|Any CPU.Build.0 = Release|Any CPU
		{39A8B14E-9EFE-42B3-AC2C-82D632DABA99}.Release|ARM.ActiveCfg = Release|Any CPU
		{39A8B14E-9EFE-42B3-AC2C-82D632DABA99}.Release|ARM.Build.0 = Release|Any CPU
		{39A8B14E-9EFE-42B3-AC2C-82D632DABA99}.Release|iPhone.ActiveCfg = Release|Any CPU
		{39A8B14E-9EFE-42B3-AC2C-82D632DABA99}.Release|iPhone.Build.0 = Release|Any CPU
		{39A8B14E-9EFE-42B3-AC2C-82D632DABA99}.Release|iPhoneSimulator.ActiveCfg = Release|Any CPU
		{39A8B14E-9EFE-42B3-AC2C-82D632DABA99}.Release|iPhoneSimulator.Build.0 = Release|Any CPU
		{39A8B14E-9EFE-42B3-AC2C-82D632DABA99}.Release|x64.ActiveCfg = Release|Any CPU
		{39A8B14E-9EFE-42B3-AC2C-82D632DABA99}.Release|x64.Build.0 = Release|Any CPU
		{39A8B14E-9EFE-42B3-AC2C-82D632DABA99}.Release|x86.ActiveCfg = Release|Any CPU
		{39A8B14E-9EFE-42B3-AC2C-82D632DABA99}.Release|x86.Build.0 = Release|Any CPU
	EndGlobalSection
	GlobalSection(SolutionProperties) = preSolution
		HideSolutionNode = FALSE
	EndGlobalSection
	GlobalSection(ExtensibilityGlobals) = postSolution
		SolutionGuid = {0275900B-5245-431F-A83E-9B058AFC32FB}
	EndGlobalSection
EndGlobal
